
Microsoft Visual Studio Solution File, Format Version 12.00
# Visual Studio Version 17
VisualStudioVersion = 17.10.35122.118
MinimumVisualStudioVersion = 10.0.40219.1
Project("{8BC9CEB8-8B4A-11D0-8D11-00A0C91BC942}") = "BOJ_29986", "BOJ_29986.vcxproj", "{769041E1-9351-435F-98CE-263396694618}"
EndProject
Global
	GlobalSection(SolutionConfigurationPlatforms) = preSolution
		Debug|x64 = Debug|x64
		Release|x64 = Release|x64
	EndGlobalSection
	GlobalSection(ProjectConfigurationPlatforms) = postSolution
		{769041E1-9351-435F-98CE-263396694618}.Debug|x64.ActiveCfg = Debug|x64
		{769041E1-9351-435F-98CE-263396694618}.Debug|x64.Build.0 = Debug|x64
		{769041E1-9351-435F-98CE-263396694618}.Release|x64.ActiveCfg = Release|x64
		{769041E1-9351-435F-98CE-263396694618}.Release|x64.Build.0 = Release|x64
	EndGlobalSection
	GlobalSection(SolutionProperties) = preSolution
		HideSolutionNode = FALSE
	EndGlobalSection
	GlobalSection(ExtensibilityGlobals) = postSolution
		SolutionGuid = {6D13F8CC-6CD6-47CC-8A90-1FB6C20B5DAD}
	EndGlobalSection
EndGlobal
